
Microsoft Visual Studio Solution File, Format Version 12.00
# Visual Studio Version 17
VisualStudioVersion = 17.14.35821.62
MinimumVisualStudioVersion = 10.0.40219.1
Project("{FAE04EC0-301F-11D3-BF4B-00C04F79EFBC}") = "Synapse.Network", "Synapse.Network\Synapse.Network.csproj", "{C3558D8E-CC1A-4C04-8D67-C038F34D391C}"
EndProject
Project("{FAE04EC0-301F-11D3-BF4B-00C04F79EFBC}") = "Synapse.Network.Shared", "Synapse.Network.Shard\Synapse.Network.Shared.csproj", "{3B22D591-73EE-4391-8B3B-77F2B972D1C2}"
EndProject
Project("{FAE04EC0-301F-11D3-BF4B-00C04F79EFBC}") = "Synapse.Network.Test", "Synapse.Network.Test\Synapse.Network.Test.csproj", "{2D6AA2F7-745C-429B-AB09-7BAF0BE25776}"
EndProject
Global
	GlobalSection(SolutionConfigurationPlatforms) = preSolution
		Debug|Any CPU = Debug|Any CPU
		Release|Any CPU = Release|Any CPU
	EndGlobalSection
	GlobalSection(ProjectConfigurationPlatforms) = postSolution
		{C3558D8E-CC1A-4C04-8D67-C038F34D391C}.Debug|Any CPU.ActiveCfg = Debug|Any CPU
		{C3558D8E-CC1A-4C04-8D67-C038F34D391C}.Debug|Any CPU.Build.0 = Debug|Any CPU
		{C3558D8E-CC1A-4C04-8D67-C038F34D391C}.Release|Any CPU.ActiveCfg = Release|Any CPU
		{C3558D8E-CC1A-4C04-8D67-C038F34D391C}.Release|Any CPU.Build.0 = Release|Any CPU
		{3B22D591-73EE-4391-8B3B-77F2B972D1C2}.Debug|Any CPU.ActiveCfg = Debug|Any CPU
		{3B22D591-73EE-4391-8B3B-77F2B972D1C2}.Debug|Any CPU.Build.0 = Debug|Any CPU
		{3B22D591-73EE-4391-8B3B-77F2B972D1C2}.Release|Any CPU.ActiveCfg = Release|Any CPU
		{3B22D591-73EE-4391-8B3B-77F2B972D1C2}.Release|Any CPU.Build.0 = Release|Any CPU
		{2D6AA2F7-745C-429B-AB09-7BAF0BE25776}.Debug|Any CPU.ActiveCfg = Debug|Any CPU
		{2D6AA2F7-745C-429B-AB09-7BAF0BE25776}.Debug|Any CPU.Build.0 = Debug|Any CPU
		{2D6AA2F7-745C-429B-AB09-7BAF0BE25776}.Release|Any CPU.ActiveCfg = Release|Any CPU
		{2D6AA2F7-745C-429B-AB09-7BAF0BE25776}.Release|Any CPU.Build.0 = Release|Any CPU
	EndGlobalSection
	GlobalSection(SolutionProperties) = preSolution
		HideSolutionNode = FALSE
	EndGlobalSection
	GlobalSection(ExtensibilityGlobals) = postSolution
		SolutionGuid = {DD90B0D7-9681-4672-BCC7-60D225EDB155}
	EndGlobalSection
EndGlobal
